
Microsoft Visual Studio Solution File, Format Version 12.00
Project("{FAE04EC0-301F-11D3-BF4B-00C04F79EFBC}") = "CalorieTracker", "CalorieTracker\CalorieTracker.csproj", "{FFA7274B-E7E3-4D32-BDC4-6E3159F6498B}"
EndProject
Project("{FAE04EC0-301F-11D3-BF4B-00C04F79EFBC}") = "CalorieApp", "CalorieApp\CalorieApp.csproj", "{8F54DF91-36BE-41D5-98A5-0C044B95D853}"
EndProject
Project("{FAE04EC0-301F-11D3-BF4B-00C04F79EFBC}") = "CalorieTracker.Tests", "CalorieTracker.Tests\CalorieTracker.Tests.csproj", "{A5C1AAC3-3837-4FD4-8C86-7A98AEDA2BDF}"
EndProject
Global
	GlobalSection(SolutionConfigurationPlatforms) = preSolution
		Debug|Any CPU = Debug|Any CPU
		Release|Any CPU = Release|Any CPU
	EndGlobalSection
	GlobalSection(ProjectConfigurationPlatforms) = postSolution
		{FFA7274B-E7E3-4D32-BDC4-6E3159F6498B}.Debug|Any CPU.ActiveCfg = Debug|Any CPU
		{FFA7274B-E7E3-4D32-BDC4-6E3159F6498B}.Debug|Any CPU.Build.0 = Debug|Any CPU
		{FFA7274B-E7E3-4D32-BDC4-6E3159F6498B}.Release|Any CPU.ActiveCfg = Release|Any CPU
		{FFA7274B-E7E3-4D32-BDC4-6E3159F6498B}.Release|Any CPU.Build.0 = Release|Any CPU
		{935553E0-F860-4205-8639-500F96D8B9EB}.Debug|Any CPU.ActiveCfg = Debug|Any CPU
		{935553E0-F860-4205-8639-500F96D8B9EB}.Debug|Any CPU.Build.0 = Debug|Any CPU
		{935553E0-F860-4205-8639-500F96D8B9EB}.Release|Any CPU.ActiveCfg = Release|Any CPU
		{935553E0-F860-4205-8639-500F96D8B9EB}.Release|Any CPU.Build.0 = Release|Any CPU
		{8F54DF91-36BE-41D5-98A5-0C044B95D853}.Debug|Any CPU.ActiveCfg = Debug|Any CPU
		{8F54DF91-36BE-41D5-98A5-0C044B95D853}.Debug|Any CPU.Build.0 = Debug|Any CPU
		{8F54DF91-36BE-41D5-98A5-0C044B95D853}.Release|Any CPU.ActiveCfg = Release|Any CPU
		{8F54DF91-36BE-41D5-98A5-0C044B95D853}.Release|Any CPU.Build.0 = Release|Any CPU
		{A5C1AAC3-3837-4FD4-8C86-7A98AEDA2BDF}.Debug|Any CPU.ActiveCfg = Debug|Any CPU
		{A5C1AAC3-3837-4FD4-8C86-7A98AEDA2BDF}.Debug|Any CPU.Build.0 = Debug|Any CPU
		{A5C1AAC3-3837-4FD4-8C86-7A98AEDA2BDF}.Release|Any CPU.ActiveCfg = Release|Any CPU
		{A5C1AAC3-3837-4FD4-8C86-7A98AEDA2BDF}.Release|Any CPU.Build.0 = Release|Any CPU
	EndGlobalSection
EndGlobal
